
Microsoft Visual Studio Solution File, Format Version 12.00
# Visual Studio Version 17
VisualStudioVersion = 17.5.002.0
MinimumVisualStudioVersion = 10.0.40219.1
Project("{9A19103F-16F7-4668-BE54-9A1E7A4F7556}") = "Develop03", "Develop03.csproj", "{BDC2A2A7-3A11-4A73-8C11-7FA85A6ED04B}"
EndProject
Global
	GlobalSection(SolutionConfigurationPlatforms) = preSolution
		Debug|Any CPU = Debug|Any CPU
		Release|Any CPU = Release|Any CPU
	EndGlobalSection
	GlobalSection(ProjectConfigurationPlatforms) = postSolution
		{BDC2A2A7-3A11-4A73-8C11-7FA85A6ED04B}.Debug|Any CPU.ActiveCfg = Debug|Any CPU
		{BDC2A2A7-3A11-4A73-8C11-7FA85A6ED04B}.Debug|Any CPU.Build.0 = Debug|Any CPU
		{BDC2A2A7-3A11-4A73-8C11-7FA85A6ED04B}.Release|Any CPU.ActiveCfg = Release|Any CPU
		{BDC2A2A7-3A11-4A73-8C11-7FA85A6ED04B}.Release|Any CPU.Build.0 = Release|Any CPU
	EndGlobalSection
	GlobalSection(SolutionProperties) = preSolution
		HideSolutionNode = FALSE
	EndGlobalSection
	GlobalSection(ExtensibilityGlobals) = postSolution
		SolutionGuid = {215B58B9-60CD-49C2-8324-757EBA3A31F5}
	EndGlobalSection
EndGlobal
