
Microsoft Visual Studio Solution File, Format Version 12.00
# Visual Studio Version 17
VisualStudioVersion = 17.5.002.0
MinimumVisualStudioVersion = 10.0.40219.1
Project("{9A19103F-16F7-4668-BE54-9A1E7A4F7556}") = "Develop02", "Develop02.csproj", "{BA7E02E0-D734-4CFC-A491-F02C74EB75BD}"
EndProject
Global
	GlobalSection(SolutionConfigurationPlatforms) = preSolution
		Debug|Any CPU = Debug|Any CPU
		Release|Any CPU = Release|Any CPU
	EndGlobalSection
	GlobalSection(ProjectConfigurationPlatforms) = postSolution
		{BA7E02E0-D734-4CFC-A491-F02C74EB75BD}.Debug|Any CPU.ActiveCfg = Debug|Any CPU
		{BA7E02E0-D734-4CFC-A491-F02C74EB75BD}.Debug|Any CPU.Build.0 = Debug|Any CPU
		{BA7E02E0-D734-4CFC-A491-F02C74EB75BD}.Release|Any CPU.ActiveCfg = Release|Any CPU
		{BA7E02E0-D734-4CFC-A491-F02C74EB75BD}.Release|Any CPU.Build.0 = Release|Any CPU
	EndGlobalSection
	GlobalSection(SolutionProperties) = preSolution
		HideSolutionNode = FALSE
	EndGlobalSection
	GlobalSection(ExtensibilityGlobals) = postSolution
		SolutionGuid = {FE530C48-B27D-4FF7-A8D7-FF0CE3A414FF}
	EndGlobalSection
EndGlobal
