
Microsoft Visual Studio Solution File, Format Version 12.00
# Visual Studio Version 17
VisualStudioVersion = 17.5.002.0
MinimumVisualStudioVersion = 10.0.40219.1
Project("{9A19103F-16F7-4668-BE54-9A1E7A4F7556}") = "Prep1", "Prep1\Prep1.csproj", "{42DD376D-96BF-481E-A156-6B676534BC58}"
EndProject
Project("{9A19103F-16F7-4668-BE54-9A1E7A4F7556}") = "Prep2", "Prep2\Prep2.csproj", "{93784CC0-C81D-4BD6-89EA-868D30CEC080}"
EndProject
Project("{9A19103F-16F7-4668-BE54-9A1E7A4F7556}") = "Prep3", "Prep3\Prep3.csproj", "{72FBF6ED-50BB-479A-98A4-B96133B45FDC}"
EndProject
Project("{9A19103F-16F7-4668-BE54-9A1E7A4F7556}") = "Prep4", "Prep4\Prep4.csproj", "{ACEA2A6F-A4F8-4702-8789-6E473B6E37E6}"
EndProject
Project("{9A19103F-16F7-4668-BE54-9A1E7A4F7556}") = "Prep5", "Prep5\Prep5.csproj", "{A244F81D-4E5E-4A7B-A551-3F620E0EAAC9}"
EndProject
Global
	GlobalSection(SolutionConfigurationPlatforms) = preSolution
		Debug|Any CPU = Debug|Any CPU
		Release|Any CPU = Release|Any CPU
	EndGlobalSection
	GlobalSection(ProjectConfigurationPlatforms) = postSolution
		{42DD376D-96BF-481E-A156-6B676534BC58}.Debug|Any CPU.ActiveCfg = Debug|Any CPU
		{42DD376D-96BF-481E-A156-6B676534BC58}.Debug|Any CPU.Build.0 = Debug|Any CPU
		{42DD376D-96BF-481E-A156-6B676534BC58}.Release|Any CPU.ActiveCfg = Release|Any CPU
		{42DD376D-96BF-481E-A156-6B676534BC58}.Release|Any CPU.Build.0 = Release|Any CPU
		{93784CC0-C81D-4BD6-89EA-868D30CEC080}.Debug|Any CPU.ActiveCfg = Debug|Any CPU
		{93784CC0-C81D-4BD6-89EA-868D30CEC080}.Debug|Any CPU.Build.0 = Debug|Any CPU
		{93784CC0-C81D-4BD6-89EA-868D30CEC080}.Release|Any CPU.ActiveCfg = Release|Any CPU
		{93784CC0-C81D-4BD6-89EA-868D30CEC080}.Release|Any CPU.Build.0 = Release|Any CPU
		{72FBF6ED-50BB-479A-98A4-B96133B45FDC}.Debug|Any CPU.ActiveCfg = Debug|Any CPU
		{72FBF6ED-50BB-479A-98A4-B96133B45FDC}.Debug|Any CPU.Build.0 = Debug|Any CPU
		{72FBF6ED-50BB-479A-98A4-B96133B45FDC}.Release|Any CPU.ActiveCfg = Release|Any CPU
		{72FBF6ED-50BB-479A-98A4-B96133B45FDC}.Release|Any CPU.Build.0 = Release|Any CPU
		{ACEA2A6F-A4F8-4702-8789-6E473B6E37E6}.Debug|Any CPU.ActiveCfg = Debug|Any CPU
		{ACEA2A6F-A4F8-4702-8789-6E473B6E37E6}.Debug|Any CPU.Build.0 = Debug|Any CPU
		{ACEA2A6F-A4F8-4702-8789-6E473B6E37E6}.Release|Any CPU.ActiveCfg = Release|Any CPU
		{ACEA2A6F-A4F8-4702-8789-6E473B6E37E6}.Release|Any CPU.Build.0 = Release|Any CPU
		{A244F81D-4E5E-4A7B-A551-3F620E0EAAC9}.Debug|Any CPU.ActiveCfg = Debug|Any CPU
		{A244F81D-4E5E-4A7B-A551-3F620E0EAAC9}.Debug|Any CPU.Build.0 = Debug|Any CPU
		{A244F81D-4E5E-4A7B-A551-3F620E0EAAC9}.Release|Any CPU.ActiveCfg = Release|Any CPU
		{A244F81D-4E5E-4A7B-A551-3F620E0EAAC9}.Release|Any CPU.Build.0 = Release|Any CPU
	EndGlobalSection
	GlobalSection(SolutionProperties) = preSolution
		HideSolutionNode = FALSE
	EndGlobalSection
	GlobalSection(ExtensibilityGlobals) = postSolution
		SolutionGuid = {BC11BADF-87B1-4305-9B5D-74F80ADA03E0}
	EndGlobalSection
EndGlobal
